<?xml version="1.0" encoding="utf-8"?>
<Project ToolsVersion="4.0" xmlns="http://schemas.microsoft.com/developer/msbuild/2003">
  <ItemGroup>
    <Filter Include="Source Files">
      <UniqueIdentifier>{d3782069-33f3-4099-a59a-fcfd653d8f1d}</UniqueIdentifier>
      <Extensions>cpp;c;cxx;rc;def;r;odl;idl;hpj;bat</Extensions>
    </Filter>
    <Filter Include="MAP Files Debug">
      <UniqueIdentifier>{4edd3c2c-6385-4f06-a0bb-57bc2634cf2f}</UniqueIdentifier>
      <Extensions>map</Extensions>
    </Filter>
    <Filter Include="MAP Files Release">
      <UniqueIdentifier>{278f03c4-abb2-494b-8ad6-82922b9b470c}</UniqueIdentifier>
      <Extensions>map</Extensions>
    </Filter>
    <Filter Include="Header Files">
      <UniqueIdentifier>{9eb05d55-fc9e-4f25-a028-8b56c3d8b434}</UniqueIdentifier>
      <Extensions>h;hpp;hxx;hm;inl</Extensions>
    </Filter>
  </ItemGroup>
  <ItemGroup>
    <CustomBuild Include="Debug\Surza.map">
      <Filter>MAP Files Debug</Filter>
    </CustomBuild>
    <CustomBuild Include="Release\Surza.map">
      <Filter>MAP Files Release</Filter>
    </CustomBuild>
  </ItemGroup>
  <ItemGroup>
    <ClCompile Include="init.c">
      <Filter>Source Files</Filter>
    </ClCompile>
    <ClCompile Include="net.c">
      <Filter>Source Files</Filter>
    </ClCompile>
    <ClCompile Include="boof_pool.c">
      <Filter>Source Files</Filter>
    </ClCompile>
    <ClCompile Include="main.c">
      <Filter>Source Files</Filter>
    </ClCompile>
    <ClCompile Include="common.c">
      <Filter>Source Files</Filter>
    </ClCompile>
    <ClCompile Include="log.c">
      <Filter>Source Files</Filter>
    </ClCompile>
    <ClCompile Include="param_tree.c">
      <Filter>Source Files</Filter>
    </ClCompile>
    <ClCompile Include="filesystem.c">
      <Filter>Source Files</Filter>
    </ClCompile>
    <ClCompile Include="logic.c">
      <Filter>Source Files</Filter>
    </ClCompile>
    <ClCompile Include="crc32.cpp">
      <Filter>Source Files</Filter>
    </ClCompile>
    <ClCompile Include="ai8s.c">
      <Filter>Source Files</Filter>
    </ClCompile>
  </ItemGroup>
  <ItemGroup>
    <ClInclude Include="net.h">
      <Filter>Header Files</Filter>
    </ClInclude>
    <ClInclude Include="buf_pool.h">
      <Filter>Header Files</Filter>
    </ClInclude>
    <ClInclude Include="global_defines.h">
      <Filter>Header Files</Filter>
    </ClInclude>
    <ClInclude Include="common.h">
      <Filter>Header Files</Filter>
    </ClInclude>
    <ClInclude Include="log.h">
      <Filter>Header Files</Filter>
    </ClInclude>
    <ClInclude Include="param_tree.h">
      <Filter>Header Files</Filter>
    </ClInclude>
    <ClInclude Include="filesystem.h">
      <Filter>Header Files</Filter>
    </ClInclude>
    <ClInclude Include="net_messages.h">
      <Filter>Header Files</Filter>
    </ClInclude>
    <ClInclude Include="logic.h">
      <Filter>Header Files</Filter>
    </ClInclude>
    <ClInclude Include="crc32.h">
      <Filter>Header Files</Filter>
    </ClInclude>
    <ClInclude Include="ai8s.h">
      <Filter>Header Files</Filter>
    </ClInclude>
  </ItemGroup>
</Project>